
Microsoft Visual Studio Solution File, Format Version 12.00
# Visual Studio Version 17
VisualStudioVersion = 17.3.32901.215
MinimumVisualStudioVersion = 10.0.40219.1
Project("{FAE04EC0-301F-11D3-BF4B-00C04F79EFBC}") = "Stable Matching", "Stable Matching\Stable Matching.csproj", "{72D63DA5-261E-448C-9AFA-BA72E373E17D}"
EndProject
Global
	GlobalSection(SolutionConfigurationPlatforms) = preSolution
		Debug|Any CPU = Debug|Any CPU
		Release|Any CPU = Release|Any CPU
	EndGlobalSection
	GlobalSection(ProjectConfigurationPlatforms) = postSolution
		{72D63DA5-261E-448C-9AFA-BA72E373E17D}.Debug|Any CPU.ActiveCfg = Debug|Any CPU
		{72D63DA5-261E-448C-9AFA-BA72E373E17D}.Debug|Any CPU.Build.0 = Debug|Any CPU
		{72D63DA5-261E-448C-9AFA-BA72E373E17D}.Release|Any CPU.ActiveCfg = Release|Any CPU
		{72D63DA5-261E-448C-9AFA-BA72E373E17D}.Release|Any CPU.Build.0 = Release|Any CPU
	EndGlobalSection
	GlobalSection(SolutionProperties) = preSolution
		HideSolutionNode = FALSE
	EndGlobalSection
	GlobalSection(ExtensibilityGlobals) = postSolution
		SolutionGuid = {1723BD7A-B2A7-4276-8FD2-74B96DD79676}
	EndGlobalSection
EndGlobal
